// !$*UTF8*$!
{
	archiveVersion = 1;
	classes = {
	};
	objectVersion = 56;
	objects = {

/* Begin PBXBuildFile section */
		F23B1ADF299BE1AE002014EB /* TodoListApp.swift in Sources */ = {isa = PBXBuildFile; fileRef = F23B1ADE299BE1AE002014EB /* TodoListApp.swift */; };
		F23B1AE1299BE1AE002014EB /* TaskListView.swift in Sources */ = {isa = PBXBuildFile; fileRef = F23B1AE0299BE1AE002014EB /* TaskListView.swift */; };
		F23B1AE3299BE1B4002014EB /* Assets.xcassets in Resources */ = {isa = PBXBuildFile; fileRef = F23B1AE2299BE1B4002014EB /* Assets.xcassets */; };
		F23B1AE6299BE1B4002014EB /* Preview Assets.xcassets in Resources */ = {isa = PBXBuildFile; fileRef = F23B1AE5299BE1B4002014EB /* Preview Assets.xcassets */; };
		F23B1AE8299BE1B4002014EB /* Persistence.swift in Sources */ = {isa = PBXBuildFile; fileRef = F23B1AE7299BE1B4002014EB /* Persistence.swift */; };
		F23B1AEB299BE1B4002014EB /* TodoList.xcdatamodeld in Sources */ = {isa = PBXBuildFile; fileRef = F23B1AE9299BE1B4002014EB /* TodoList.xcdatamodeld */; };
		F23B1AF3299BE330002014EB /* FloatingButton.swift in Sources */ = {isa = PBXBuildFile; fileRef = F23B1AF2299BE330002014EB /* FloatingButton.swift */; };
		F23B1AF6299BE365002014EB /* TaskEditView.swift in Sources */ = {isa = PBXBuildFile; fileRef = F23B1AF5299BE365002014EB /* TaskEditView.swift */; };
		F23B1AF8299BE7B3002014EB /* DateHolder.swift in Sources */ = {isa = PBXBuildFile; fileRef = F23B1AF7299BE7B3002014EB /* DateHolder.swift */; };
		F23B1AFA299BED36002014EB /* TaskCell.swift in Sources */ = {isa = PBXBuildFile; fileRef = F23B1AF9299BED36002014EB /* TaskCell.swift */; };
		F23B1AFC299BEDF3002014EB /* CheckBoxView.swift in Sources */ = {isa = PBXBuildFile; fileRef = F23B1AFB299BEDF3002014EB /* CheckBoxView.swift */; };
		F23B1AFF299BEEDD002014EB /* TaskItemExtension.swift in Sources */ = {isa = PBXBuildFile; fileRef = F23B1AFE299BEEDD002014EB /* TaskItemExtension.swift */; };
		F2C4A8B5299C53C200CF37F0 /* DateScroller.swift in Sources */ = {isa = PBXBuildFile; fileRef = F2C4A8B4299C53C200CF37F0 /* DateScroller.swift */; };
		F2C4A8B7299C5AE400CF37F0 /* TaskFilter.swift in Sources */ = {isa = PBXBuildFile; fileRef = F2C4A8B6299C5AE300CF37F0 /* TaskFilter.swift */; };
/* End PBXBuildFile section */

/* Begin PBXFileReference section */
		F23B1ADB299BE1AE002014EB /* TodoList.app */ = {isa = PBXFileReference; explicitFileType = wrapper.application; includeInIndex = 0; path = TodoList.app; sourceTree = BUILT_PRODUCTS_DIR; };
		F23B1ADE299BE1AE002014EB /* TodoListApp.swift */ = {isa = PBXFileReference; lastKnownFileType = sourcecode.swift; path = TodoListApp.swift; sourceTree = "<group>"; };
		F23B1AE0299BE1AE002014EB /* TaskListView.swift */ = {isa = PBXFileReference; lastKnownFileType = sourcecode.swift; path = TaskListView.swift; sourceTree = "<group>"; };
		F23B1AE2299BE1B4002014EB /* Assets.xcassets */ = {isa = PBXFileReference; lastKnownFileType = folder.assetcatalog; path = Assets.xcassets; sourceTree = "<group>"; };
		F23B1AE5299BE1B4002014EB /* Preview Assets.xcassets */ = {isa = PBXFileReference; lastKnownFileType = folder.assetcatalog; path = "Preview Assets.xcassets"; sourceTree = "<group>"; };
		F23B1AE7299BE1B4002014EB /* Persistence.swift */ = {isa = PBXFileReference; lastKnownFileType = sourcecode.swift; path = Persistence.swift; sourceTree = "<group>"; };
		F23B1AEA299BE1B4002014EB /* TodoList.xcdatamodel */ = {isa = PBXFileReference; lastKnownFileType = wrapper.xcdatamodel; path = TodoList.xcdatamodel; sourceTree = "<group>"; };
		F23B1AEC299BE1B4002014EB /* Info.plist */ = {isa = PBXFileReference; lastKnownFileType = text.plist.xml; path = Info.plist; sourceTree = "<group>"; };
		F23B1AF2299BE330002014EB /* FloatingButton.swift */ = {isa = PBXFileReference; lastKnownFileType = sourcecode.swift; path = FloatingButton.swift; sourceTree = "<group>"; };
		F23B1AF5299BE365002014EB /* TaskEditView.swift */ = {isa = PBXFileReference; lastKnownFileType = sourcecode.swift; path = TaskEditView.swift; sourceTree = "<group>"; };
		F23B1AF7299BE7B3002014EB /* DateHolder.swift */ = {isa = PBXFileReference; lastKnownFileType = sourcecode.swift; path = DateHolder.swift; sourceTree = "<group>"; };
		F23B1AF9299BED36002014EB /* TaskCell.swift */ = {isa = PBXFileReference; lastKnownFileType = sourcecode.swift; path = TaskCell.swift; sourceTree = "<group>"; };
		F23B1AFB299BEDF3002014EB /* CheckBoxView.swift */ = {isa = PBXFileReference; lastKnownFileType = sourcecode.swift; path = CheckBoxView.swift; sourceTree = "<group>"; };
		F23B1AFE299BEEDD002014EB /* TaskItemExtension.swift */ = {isa = PBXFileReference; lastKnownFileType = sourcecode.swift; path = TaskItemExtension.swift; sourceTree = "<group>"; };
		F2C4A8B4299C53C200CF37F0 /* DateScroller.swift */ = {isa = PBXFileReference; lastKnownFileType = sourcecode.swift; path = DateScroller.swift; sourceTree = "<group>"; };
		F2C4A8B6299C5AE300CF37F0 /* TaskFilter.swift */ = {isa = PBXFileReference; lastKnownFileType = sourcecode.swift; path = TaskFilter.swift; sourceTree = "<group>"; };
/* End PBXFileReference section */

/* Begin PBXFrameworksBuildPhase section */
		F23B1AD8299BE1AE002014EB /* Frameworks */ = {
			isa = PBXFrameworksBuildPhase;
			buildActionMask = 2147483647;
			files = (
			);
			runOnlyForDeploymentPostprocessing = 0;
		};
/* End PBXFrameworksBuildPhase section */

/* Begin PBXGroup section */
		F23B1AD2299BE1AE002014EB = {
			isa = PBXGroup;
			children = (
				F23B1ADD299BE1AE002014EB /* TodoList */,
				F23B1ADC299BE1AE002014EB /* Products */,
			);
			sourceTree = "<group>";
		};
		F23B1ADC299BE1AE002014EB /* Products */ = {
			isa = PBXGroup;
			children = (
				F23B1ADB299BE1AE002014EB /* TodoList.app */,
			);
			name = Products;
			sourceTree = "<group>";
		};
		F23B1ADD299BE1AE002014EB /* TodoList */ = {
			isa = PBXGroup;
			children = (
				F23B1AFD299BEEBC002014EB /* Model */,
				F23B1AF4299BE356002014EB /* Views */,
				F23B1ADE299BE1AE002014EB /* TodoListApp.swift */,
				F23B1AE2299BE1B4002014EB /* Assets.xcassets */,
				F23B1AEC299BE1B4002014EB /* Info.plist */,
				F23B1AE9299BE1B4002014EB /* TodoList.xcdatamodeld */,
				F23B1AE4299BE1B4002014EB /* Preview Content */,
			);
			path = TodoList;
			sourceTree = "<group>";
		};
		F23B1AE4299BE1B4002014EB /* Preview Content */ = {
			isa = PBXGroup;
			children = (
				F23B1AE5299BE1B4002014EB /* Preview Assets.xcassets */,
			);
			path = "Preview Content";
			sourceTree = "<group>";
		};
		F23B1AF4299BE356002014EB /* Views */ = {
			isa = PBXGroup;
			children = (
				F23B1AF5299BE365002014EB /* TaskEditView.swift */,
				F23B1AE0299BE1AE002014EB /* TaskListView.swift */,
				F23B1AF2299BE330002014EB /* FloatingButton.swift */,
				F23B1AFB299BEDF3002014EB /* CheckBoxView.swift */,
				F23B1AF9299BED36002014EB /* TaskCell.swift */,
				F2C4A8B4299C53C200CF37F0 /* DateScroller.swift */,
			);
			path = Views;
			sourceTree = "<group>";
		};
		F23B1AFD299BEEBC002014EB /* Model */ = {
			isa = PBXGroup;
			children = (
				F23B1AE7299BE1B4002014EB /* Persistence.swift */,
				F23B1AFE299BEEDD002014EB /* TaskItemExtension.swift */,
				F2C4A8B6299C5AE300CF37F0 /* TaskFilter.swift */,
				F23B1AF7299BE7B3002014EB /* DateHolder.swift */,
			);
			path = Model;
			sourceTree = "<group>";
		};
/* End PBXGroup section */

/* Begin PBXNativeTarget section */
		F23B1ADA299BE1AE002014EB /* TodoList */ = {
			isa = PBXNativeTarget;
			buildConfigurationList = F23B1AEF299BE1B4002014EB /* Build configuration list for PBXNativeTarget "TodoList" */;
			buildPhases = (
				F23B1AD7299BE1AE002014EB /* Sources */,
				F23B1AD8299BE1AE002014EB /* Frameworks */,
				F23B1AD9299BE1AE002014EB /* Resources */,
			);
			buildRules = (
			);
			dependencies = (
			);
			name = TodoList;
			productName = TodoList;
			productReference = F23B1ADB299BE1AE002014EB /* TodoList.app */;
			productType = "com.apple.product-type.application";
		};
/* End PBXNativeTarget section */

/* Begin PBXProject section */
		F23B1AD3299BE1AE002014EB /* Project object */ = {
			isa = PBXProject;
			attributes = {
				BuildIndependentTargetsInParallel = 1;
				LastSwiftUpdateCheck = 1420;
				LastUpgradeCheck = 1420;
				TargetAttributes = {
					F23B1ADA299BE1AE002014EB = {
						CreatedOnToolsVersion = 14.2;
					};
				};
			};
			buildConfigurationList = F23B1AD6299BE1AE002014EB /* Build configuration list for PBXProject "TodoList" */;
			compatibilityVersion = "Xcode 14.0";
			developmentRegion = en;
			hasScannedForEncodings = 0;
			knownRegions = (
				en,
				Base,
			);
			mainGroup = F23B1AD2299BE1AE002014EB;
			productRefGroup = F23B1ADC299BE1AE002014EB /* Products */;
			projectDirPath = "";
			projectRoot = "";
			targets = (
				F23B1ADA299BE1AE002014EB /* TodoList */,
			);
		};
/* End PBXProject section */

/* Begin PBXResourcesBuildPhase section */
		F23B1AD9299BE1AE002014EB /* Resources */ = {
			isa = PBXResourcesBuildPhase;
			buildActionMask = 2147483647;
			files = (
				F23B1AE6299BE1B4002014EB /* Preview Assets.xcassets in Resources */,
				F23B1AE3299BE1B4002014EB /* Assets.xcassets in Resources */,
			);
			runOnlyForDeploymentPostprocessing = 0;
		};
/* End PBXResourcesBuildPhase section */

/* Begin PBXSourcesBuildPhase section */
		F23B1AD7299BE1AE002014EB /* Sources */ = {
			isa = PBXSourcesBuildPhase;
			buildActionMask = 2147483647;
			files = (
				F23B1AF8299BE7B3002014EB /* DateHolder.swift in Sources */,
				F23B1AFF299BEEDD002014EB /* TaskItemExtension.swift in Sources */,
				F23B1AE8299BE1B4002014EB /* Persistence.swift in Sources */,
				F23B1AE1299BE1AE002014EB /* TaskListView.swift in Sources */,
				F2C4A8B7299C5AE400CF37F0 /* TaskFilter.swift in Sources */,
				F23B1AF3299BE330002014EB /* FloatingButton.swift in Sources */,
				F23B1AFC299BEDF3002014EB /* CheckBoxView.swift in Sources */,
				F23B1AFA299BED36002014EB /* TaskCell.swift in Sources */,
				F2C4A8B5299C53C200CF37F0 /* DateScroller.swift in Sources */,
				F23B1AF6299BE365002014EB /* TaskEditView.swift in Sources */,
				F23B1ADF299BE1AE002014EB /* TodoListApp.swift in Sources */,
				F23B1AEB299BE1B4002014EB /* TodoList.xcdatamodeld in Sources */,
			);
			runOnlyForDeploymentPostprocessing = 0;
		};
/* End PBXSourcesBuildPhase section */

/* Begin XCBuildConfiguration section */
		F23B1AED299BE1B4002014EB /* Debug */ = {
			isa = XCBuildConfiguration;
			buildSettings = {
				ALWAYS_SEARCH_USER_PATHS = NO;
				CLANG_ANALYZER_NONNULL = YES;
				CLANG_ANALYZER_NUMBER_OBJECT_CONVERSION = YES_AGGRESSIVE;
				CLANG_CXX_LANGUAGE_STANDARD = "gnu++20";
				CLANG_ENABLE_MODULES = YES;
				CLANG_ENABLE_OBJC_ARC = YES;
				CLANG_ENABLE_OBJC_WEAK = YES;
				CLANG_WARN_BLOCK_CAPTURE_AUTORELEASING = YES;
				CLANG_WARN_BOOL_CONVERSION = YES;
				CLANG_WARN_COMMA = YES;
				CLANG_WARN_CONSTANT_CONVERSION = YES;
				CLANG_WARN_DEPRECATED_OBJC_IMPLEMENTATIONS = YES;
				CLANG_WARN_DIRECT_OBJC_ISA_USAGE = YES_ERROR;
				CLANG_WARN_DOCUMENTATION_COMMENTS = YES;
				CLANG_WARN_EMPTY_BODY = YES;
				CLANG_WARN_ENUM_CONVERSION = YES;
				CLANG_WARN_INFINITE_RECURSION = YES;
				CLANG_WARN_INT_CONVERSION = YES;
				CLANG_WARN_NON_LITERAL_NULL_CONVERSION = YES;
				CLANG_WARN_OBJC_IMPLICIT_RETAIN_SELF = YES;
				CLANG_WARN_OBJC_LITERAL_CONVERSION = YES;
				CLANG_WARN_OBJC_ROOT_CLASS = YES_ERROR;
				CLANG_WARN_QUOTED_INCLUDE_IN_FRAMEWORK_HEADER = YES;
				CLANG_WARN_RANGE_LOOP_ANALYSIS = YES;
				CLANG_WARN_STRICT_PROTOTYPES = YES;
				CLANG_WARN_SUSPICIOUS_MOVE = YES;
				CLANG_WARN_UNGUARDED_AVAILABILITY = YES_AGGRESSIVE;
				CLANG_WARN_UNREACHABLE_CODE = YES;
				CLANG_WARN__DUPLICATE_METHOD_MATCH = YES;
				COPY_PHASE_STRIP = NO;
				DEBUG_INFORMATION_FORMAT = dwarf;
				ENABLE_STRICT_OBJC_MSGSEND = YES;
				ENABLE_TESTABILITY = YES;
				GCC_C_LANGUAGE_STANDARD = gnu11;
				GCC_DYNAMIC_NO_PIC = NO;
				GCC_NO_COMMON_BLOCKS = YES;
				GCC_OPTIMIZATION_LEVEL = 0;
				GCC_PREPROCESSOR_DEFINITIONS = (
					"DEBUG=1",
					"$(inherited)",
				);
				GCC_WARN_64_TO_32_BIT_CONVERSION = YES;
				GCC_WARN_ABOUT_RETURN_TYPE = YES_ERROR;
				GCC_WARN_UNDECLARED_SELECTOR = YES;
				GCC_WARN_UNINITIALIZED_AUTOS = YES_AGGRESSIVE;
				GCC_WARN_UNUSED_FUNCTION = YES;
				GCC_WARN_UNUSED_VARIABLE = YES;
				IPHONEOS_DEPLOYMENT_TARGET = 16.2;
				MTL_ENABLE_DEBUG_INFO = INCLUDE_SOURCE;
				MTL_FAST_MATH = YES;
				ONLY_ACTIVE_ARCH = YES;
				SDKROOT = iphoneos;
				SWIFT_ACTIVE_COMPILATION_CONDITIONS = DEBUG;
				SWIFT_OPTIMIZATION_LEVEL = "-Onone";
			};
			name = Debug;
		};
		F23B1AEE299BE1B4002014EB /* Release */ = {
			isa = XCBuildConfiguration;
			buildSettings = {
				ALWAYS_SEARCH_USER_PATHS = NO;
				CLANG_ANALYZER_NONNULL = YES;
				CLANG_ANALYZER_NUMBER_OBJECT_CONVERSION = YES_AGGRESSIVE;
				CLANG_CXX_LANGUAGE_STANDARD = "gnu++20";
				CLANG_ENABLE_MODULES = YES;
				CLANG_ENABLE_OBJC_ARC = YES;
				CLANG_ENABLE_OBJC_WEAK = YES;
				CLANG_WARN_BLOCK_CAPTURE_AUTORELEASING = YES;
				CLANG_WARN_BOOL_CONVERSION = YES;
				CLANG_WARN_COMMA = YES;
				CLANG_WARN_CONSTANT_CONVERSION = YES;
				CLANG_WARN_DEPRECATED_OBJC_IMPLEMENTATIONS = YES;
				CLANG_WARN_DIRECT_OBJC_ISA_USAGE = YES_ERROR;
				CLANG_WARN_DOCUMENTATION_COMMENTS = YES;
				CLANG_WARN_EMPTY_BODY = YES;
				CLANG_WARN_ENUM_CONVERSION = YES;
				CLANG_WARN_INFINITE_RECURSION = YES;
				CLANG_WARN_INT_CONVERSION = YES;
				CLANG_WARN_NON_LITERAL_NULL_CONVERSION = YES;
				CLANG_WARN_OBJC_IMPLICIT_RETAIN_SELF = YES;
				CLANG_WARN_OBJC_LITERAL_CONVERSION = YES;
				CLANG_WARN_OBJC_ROOT_CLASS = YES_ERROR;
				CLANG_WARN_QUOTED_INCLUDE_IN_FRAMEWORK_HEADER = YES;
				CLANG_WARN_RANGE_LOOP_ANALYSIS = YES;
				CLANG_WARN_STRICT_PROTOTYPES = YES;
				CLANG_WARN_SUSPICIOUS_MOVE = YES;
				CLANG_WARN_UNGUARDED_AVAILABILITY = YES_AGGRESSIVE;
				CLANG_WARN_UNREACHABLE_CODE = YES;
				CLANG_WARN__DUPLICATE_METHOD_MATCH = YES;
				COPY_PHASE_STRIP = NO;
				DEBUG_INFORMATION_FORMAT = "dwarf-with-dsym";
				ENABLE_NS_ASSERTIONS = NO;
				ENABLE_STRICT_OBJC_MSGSEND = YES;
				GCC_C_LANGUAGE_STANDARD = gnu11;
				GCC_NO_COMMON_BLOCKS = YES;
				GCC_WARN_64_TO_32_BIT_CONVERSION = YES;
				GCC_WARN_ABOUT_RETURN_TYPE = YES_ERROR;
				GCC_WARN_UNDECLARED_SELECTOR = YES;
				GCC_WARN_UNINITIALIZED_AUTOS = YES_AGGRESSIVE;
				GCC_WARN_UNUSED_FUNCTION = YES;
				GCC_WARN_UNUSED_VARIABLE = YES;
				IPHONEOS_DEPLOYMENT_TARGET = 16.2;
				MTL_ENABLE_DEBUG_INFO = NO;
				MTL_FAST_MATH = YES;
				SDKROOT = iphoneos;
				SWIFT_COMPILATION_MODE = wholemodule;
				SWIFT_OPTIMIZATION_LEVEL = "-O";
				VALIDATE_PRODUCT = YES;
			};
			name = Release;
		};
		F23B1AF0299BE1B4002014EB /* Debug */ = {
			isa = XCBuildConfiguration;
			buildSettings = {
				ASSETCATALOG_COMPILER_APPICON_NAME = AppIcon;
				ASSETCATALOG_COMPILER_GLOBAL_ACCENT_COLOR_NAME = AccentColor;
				CODE_SIGN_STYLE = Automatic;
				CURRENT_PROJECT_VERSION = 1;
				DEVELOPMENT_ASSET_PATHS = "\"TodoList/Preview Content\"";
				DEVELOPMENT_TEAM = 8W3WXR362E;
				ENABLE_PREVIEWS = YES;
				GENERATE_INFOPLIST_FILE = YES;
				INFOPLIST_KEY_UIApplicationSceneManifest_Generation = YES;
				INFOPLIST_KEY_UIApplicationSupportsIndirectInputEvents = YES;
				INFOPLIST_KEY_UILaunchScreen_Generation = YES;
				INFOPLIST_KEY_UISupportedInterfaceOrientations_iPad = "UIInterfaceOrientationPortrait UIInterfaceOrientationPortraitUpsideDown UIInterfaceOrientationLandscapeLeft UIInterfaceOrientationLandscapeRight";
				INFOPLIST_KEY_UISupportedInterfaceOrientations_iPhone = "UIInterfaceOrientationPortrait UIInterfaceOrientationLandscapeLeft UIInterfaceOrientationLandscapeRight";
				IPHONEOS_DEPLOYMENT_TARGET = 16.0;
				LD_RUNPATH_SEARCH_PATHS = (
					"$(inherited)",
					"@executable_path/Frameworks",
				);
				MARKETING_VERSION = 1.0;
				PRODUCT_BUNDLE_IDENTIFIER = com.JRApps.TodoList;
				PRODUCT_NAME = "$(TARGET_NAME)";
				SWIFT_EMIT_LOC_STRINGS = YES;
				SWIFT_VERSION = 5.0;
				TARGETED_DEVICE_FAMILY = "1,2";
			};
			name = Debug;
		};
		F23B1AF1299BE1B4002014EB /* Release */ = {
			isa = XCBuildConfiguration;
			buildSettings = {
				ASSETCATALOG_COMPILER_APPICON_NAME = AppIcon;
				ASSETCATALOG_COMPILER_GLOBAL_ACCENT_COLOR_NAME = AccentColor;
				CODE_SIGN_STYLE = Automatic;
				CURRENT_PROJECT_VERSION = 1;
				DEVELOPMENT_ASSET_PATHS = "\"TodoList/Preview Content\"";
				DEVELOPMENT_TEAM = 8W3WXR362E;
				ENABLE_PREVIEWS = YES;
				GENERATE_INFOPLIST_FILE = YES;
				INFOPLIST_KEY_UIApplicationSceneManifest_Generation = YES;
				INFOPLIST_KEY_UIApplicationSupportsIndirectInputEvents = YES;
				INFOPLIST_KEY_UILaunchScreen_Generation = YES;
				INFOPLIST_KEY_UISupportedInterfaceOrientations_iPad = "UIInterfaceOrientationPortrait UIInterfaceOrientationPortraitUpsideDown UIInterfaceOrientationLandscapeLeft UIInterfaceOrientationLandscapeRight";
				INFOPLIST_KEY_UISupportedInterfaceOrientations_iPhone = "UIInterfaceOrientationPortrait UIInterfaceOrientationLandscapeLeft UIInterfaceOrientationLandscapeRight";
				IPHONEOS_DEPLOYMENT_TARGET = 16.0;
				LD_RUNPATH_SEARCH_PATHS = (
					"$(inherited)",
					"@executable_path/Frameworks",
				);
				MARKETING_VERSION = 1.0;
				PRODUCT_BUNDLE_IDENTIFIER = com.JRApps.TodoList;
				PRODUCT_NAME = "$(TARGET_NAME)";
				SWIFT_EMIT_LOC_STRINGS = YES;
				SWIFT_VERSION = 5.0;
				TARGETED_DEVICE_FAMILY = "1,2";
			};
			name = Release;
		};
/* End XCBuildConfiguration section */

/* Begin XCConfigurationList section */
		F23B1AD6299BE1AE002014EB /* Build configuration list for PBXProject "TodoList" */ = {
			isa = XCConfigurationList;
			buildConfigurations = (
				F23B1AED299BE1B4002014EB /* Debug */,
				F23B1AEE299BE1B4002014EB /* Release */,
			);
			defaultConfigurationIsVisible = 0;
			defaultConfigurationName = Release;
		};
		F23B1AEF299BE1B4002014EB /* Build configuration list for PBXNativeTarget "TodoList" */ = {
			isa = XCConfigurationList;
			buildConfigurations = (
				F23B1AF0299BE1B4002014EB /* Debug */,
				F23B1AF1299BE1B4002014EB /* Release */,
			);
			defaultConfigurationIsVisible = 0;
			defaultConfigurationName = Release;
		};
/* End XCConfigurationList section */

/* Begin XCVersionGroup section */
		F23B1AE9299BE1B4002014EB /* TodoList.xcdatamodeld */ = {
			isa = XCVersionGroup;
			children = (
				F23B1AEA299BE1B4002014EB /* TodoList.xcdatamodel */,
			);
			currentVersion = F23B1AEA299BE1B4002014EB /* TodoList.xcdatamodel */;
			path = TodoList.xcdatamodeld;
			sourceTree = "<group>";
			versionGroupType = wrapper.xcdatamodel;
		};
/* End XCVersionGroup section */
	};
	rootObject = F23B1AD3299BE1AE002014EB /* Project object */;
}
